
Microsoft Visual Studio Solution File, Format Version 11.00
# Visual Studio 2010
Project("{FAE04EC0-301F-11D3-BF4B-00C04F79EFBC}") = "Sitecore.SharedSource.Logging", "Sitecore.SharedSource.Logging\Sitecore.SharedSource.Logging.csproj", "{FAF8BCF9-8C04-4DE7-91EB-79D89A03F50F}"
EndProject
Project("{FAE04EC0-301F-11D3-BF4B-00C04F79EFBC}") = "Sitecore.SharedSource.Logging.Tests", "Sitecore.SharedSource.Logging.Tests\Sitecore.SharedSource.Logging.Tests.csproj", "{77CC40C7-35E3-49D7-8DA3-84A3F0989EA5}"
EndProject
Project("{2150E333-8FDC-42A3-9474-1A3956D46DE8}") = "Solution Items", "Solution Items", "{24CE87AD-226F-49C7-9D2F-3CCE6B3C86F0}"
	ProjectSection(SolutionItems) = preProject
		Local.testsettings = Local.testsettings
		Sitecore.SharedSource.Logging.vsmdi = Sitecore.SharedSource.Logging.vsmdi
		TraceAndTestImpact.testsettings = TraceAndTestImpact.testsettings
	EndProjectSection
EndProject
Global
	GlobalSection(TestCaseManagementSettings) = postSolution
		CategoryFile = Sitecore.SharedSource.Logging.vsmdi
	EndGlobalSection
	GlobalSection(SolutionConfigurationPlatforms) = preSolution
		Debug|Any CPU = Debug|Any CPU
		Release|Any CPU = Release|Any CPU
	EndGlobalSection
	GlobalSection(ProjectConfigurationPlatforms) = postSolution
		{FAF8BCF9-8C04-4DE7-91EB-79D89A03F50F}.Debug|Any CPU.ActiveCfg = Debug|Any CPU
		{FAF8BCF9-8C04-4DE7-91EB-79D89A03F50F}.Debug|Any CPU.Build.0 = Debug|Any CPU
		{FAF8BCF9-8C04-4DE7-91EB-79D89A03F50F}.Release|Any CPU.ActiveCfg = Release|Any CPU
		{FAF8BCF9-8C04-4DE7-91EB-79D89A03F50F}.Release|Any CPU.Build.0 = Release|Any CPU
		{77CC40C7-35E3-49D7-8DA3-84A3F0989EA5}.Debug|Any CPU.ActiveCfg = Debug|Any CPU
		{77CC40C7-35E3-49D7-8DA3-84A3F0989EA5}.Debug|Any CPU.Build.0 = Debug|Any CPU
		{77CC40C7-35E3-49D7-8DA3-84A3F0989EA5}.Release|Any CPU.ActiveCfg = Release|Any CPU
		{77CC40C7-35E3-49D7-8DA3-84A3F0989EA5}.Release|Any CPU.Build.0 = Release|Any CPU
	EndGlobalSection
	GlobalSection(SolutionProperties) = preSolution
		HideSolutionNode = FALSE
	EndGlobalSection
EndGlobal
